{
  "version": 4,
  "terraform_version": "1.13.0",
  "serial": 13,
  "lineage": "73eb1227-6034-82f2-71d4-e4ee480b34ea",
  "outputs": {
    "dynamodb_table_name": {
      "value": "xfusion-S3CopyLogs",
      "type": "string"
    },
    "lambda_function_name": {
      "value": "devops-copyfunction",
      "type": "string"
    },
    "lambda_role_arn": {
      "value": "arn:aws:iam::533267452917:role/lambda_execution_role",
      "type": "string"
    },
    "private_bucket_name": {
      "value": "devops-private-24203",
      "type": "string"
    },
    "public_bucket_name": {
      "value": "devops-public-31470",
      "type": "string"
    }
  },
  "resources": [
    {
      "mode": "data",
      "type": "archive_file",
      "name": "lambda_zip",
      "provider": "provider[\"registry.terraform.io/hashicorp/archive\"]",
      "instances": [
        {
          "schema_version": 0,
          "attributes": {
            "exclude_symlink_directories": null,
            "excludes": null,
            "id": "4b5d13a86e549aab7030f48f6e85affb4f11347d",
            "output_base64sha256": "08r4Wz2uf5E4teUzgX7Or0stpi84DZphMhGYMd+PKcw=",
            "output_base64sha512": "tEnfjIqw1YMqqBOfWTTBrxdk2Lxf4DdmR9qtP7NiriwIlpaP7aEYgqmYBW8b4Q+7k4LVVr5KPhWWldVWT0oyaQ==",
            "output_file_mode": null,
            "output_md5": "80b8bce945ffaca190314dde6e31d004",
            "output_path": "lambda-function.zip",
            "output_sha": "4b5d13a86e549aab7030f48f6e85affb4f11347d",
            "output_sha256": "d3caf85b3dae7f9138b5e533817eceaf4b2da62f380d9a6132119831df8f29cc",
            "output_sha512": "b449df8c8ab0d5832aa8139f5934c1af1764d8bc5fe0376647daad3fb362ae2c0896968feda11882a998056f1be10fbb9382d556be4a3e159695d5564f4a3269",
            "output_size": 1127,
            "source": [],
            "source_content": null,
            "source_content_filename": null,
            "source_dir": null,
            "source_file": "lambda-function.py",
            "type": "zip"
          },
          "sensitive_attributes": [],
          "identity_schema_version": 0
        }
      ]
    },
    {
      "mode": "managed",
      "type": "aws_dynamodb_table",
      "name": "devops_s3_copy_logs",
      "provider": "provider[\"registry.terraform.io/hashicorp/aws\"]",
      "instances": [
        {
          "schema_version": 1,
          "attributes": {
            "arn": "arn:aws:dynamodb:us-east-1:533267452917:table/xfusion-S3CopyLogs",
            "attribute": [
              {
                "name": "LogID",
                "type": "S"
              }
            ],
            "billing_mode": "PAY_PER_REQUEST",
            "deletion_protection_enabled": false,
            "global_secondary_index": [],
            "hash_key": "LogID",
            "id": "xfusion-S3CopyLogs",
            "import_table": [],
            "local_secondary_index": [],
            "name": "xfusion-S3CopyLogs",
            "on_demand_throughput": [],
            "point_in_time_recovery": [
              {
                "enabled": false,
                "recovery_period_in_days": 0
              }
            ],
            "range_key": null,
            "read_capacity": 0,
            "region": "us-east-1",
            "replica": [],
            "restore_date_time": null,
            "restore_source_name": null,
            "restore_source_table_arn": null,
            "restore_to_latest_time": null,
            "server_side_encryption": [],
            "stream_arn": "",
            "stream_enabled": false,
            "stream_label": "",
            "stream_view_type": "",
            "table_class": "STANDARD",
            "tags": {
              "Environment": "Development",
              "Name": "DevOps S3 Copy Logs"
            },
            "tags_all": {
              "Environment": "Development",
              "Name": "DevOps S3 Copy Logs"
            },
            "timeouts": null,
            "ttl": [
              {
                "attribute_name": "",
                "enabled": false
              }
            ],
            "write_capacity": 0
          },
          "sensitive_attributes": [],
          "identity_schema_version": 0,
          "private": "eyJlMmJmYjczMC1lY2FhLTExZTYtOGY4OC0zNDM2M2JjN2M0YzAiOnsiY3JlYXRlIjoxODAwMDAwMDAwMDAwLCJkZWxldGUiOjYwMDAwMDAwMDAwMCwidXBkYXRlIjozNjAwMDAwMDAwMDAwfSwic2NoZW1hX3ZlcnNpb24iOiIxIn0="
        }
      ]
    },
    {
      "mode": "managed",
      "type": "aws_iam_policy",
      "name": "lambda_s3_dynamodb_policy",
      "provider": "provider[\"registry.terraform.io/hashicorp/aws\"]",
      "instances": [
        {
          "schema_version": 0,
          "attributes": {
            "arn": "arn:aws:iam::533267452917:policy/lambda-s3-dynamodb-policy",
            "attachment_count": 0,
            "description": "Policy for Lambda to access S3 and DynamoDB",
            "id": "arn:aws:iam::533267452917:policy/lambda-s3-dynamodb-policy",
            "name": "lambda-s3-dynamodb-policy",
            "name_prefix": "",
            "path": "/",
            "policy": "{\"Statement\":[{\"Action\":[\"logs:CreateLogGroup\",\"logs:CreateLogStream\",\"logs:PutLogEvents\"],\"Effect\":\"Allow\",\"Resource\":\"arn:aws:logs:*:*:*\"},{\"Action\":[\"s3:GetObject\",\"s3:PutObject\",\"s3:DeleteObject\"],\"Effect\":\"Allow\",\"Resource\":[\"arn:aws:s3:::devops-public-31470/*\",\"arn:aws:s3:::devops-private-24203/*\"]},{\"Action\":[\"s3:ListBucket\"],\"Effect\":\"Allow\",\"Resource\":[\"arn:aws:s3:::devops-public-31470\",\"arn:aws:s3:::devops-private-24203\"]},{\"Action\":[\"dynamodb:PutItem\",\"dynamodb:GetItem\",\"dynamodb:UpdateItem\",\"dynamodb:DeleteItem\"],\"Effect\":\"Allow\",\"Resource\":\"arn:aws:dynamodb:us-east-1:533267452917:table/xfusion-S3CopyLogs\"}],\"Version\":\"2012-10-17\"}",
            "policy_id": "ANPAXYKJXSP2QKHPV2X5M",
            "tags": null,
            "tags_all": {}
          },
          "sensitive_attributes": [],
          "identity_schema_version": 0,
          "identity": {
            "arn": "arn:aws:iam::533267452917:policy/lambda-s3-dynamodb-policy"
          },
          "private": "bnVsbA==",
          "dependencies": [
            "aws_dynamodb_table.devops_s3_copy_logs",
            "aws_s3_bucket.devops_private",
            "aws_s3_bucket.devops_public"
          ]
        }
      ]
    },
    {
      "mode": "managed",
      "type": "aws_iam_role",
      "name": "lambda_execution_role",
      "provider": "provider[\"registry.terraform.io/hashicorp/aws\"]",
      "instances": [
        {
          "schema_version": 0,
          "attributes": {
            "arn": "arn:aws:iam::533267452917:role/lambda_execution_role",
            "assume_role_policy": "{\"Statement\":[{\"Action\":\"sts:AssumeRole\",\"Effect\":\"Allow\",\"Principal\":{\"Service\":\"lambda.amazonaws.com\"}}],\"Version\":\"2012-10-17\"}",
            "create_date": "2025-08-25T06:20:02Z",
            "description": "",
            "force_detach_policies": false,
            "id": "lambda_execution_role",
            "inline_policy": [],
            "managed_policy_arns": [],
            "max_session_duration": 3600,
            "name": "lambda_execution_role",
            "name_prefix": "",
            "path": "/",
            "permissions_boundary": "",
            "tags": {
              "Name": "Lambda Execution Role"
            },
            "tags_all": {
              "Name": "Lambda Execution Role"
            },
            "unique_id": "AROAXYKJXSP2TQZWHDFIY"
          },
          "sensitive_attributes": [],
          "identity_schema_version": 0,
          "identity": {
            "account_id": "533267452917",
            "name": "lambda_execution_role"
          },
          "private": "bnVsbA=="
        }
      ]
    },
    {
      "mode": "managed",
      "type": "aws_iam_role_policy_attachment",
      "name": "lambda_policy_attachment",
      "provider": "provider[\"registry.terraform.io/hashicorp/aws\"]",
      "instances": [
        {
          "schema_version": 0,
          "attributes": {
            "id": "lambda_execution_role/arn:aws:iam::533267452917:policy/lambda-s3-dynamodb-policy",
            "policy_arn": "arn:aws:iam::533267452917:policy/lambda-s3-dynamodb-policy",
            "role": "lambda_execution_role"
          },
          "sensitive_attributes": [],
          "identity_schema_version": 0,
          "identity": {
            "account_id": "533267452917",
            "policy_arn": "arn:aws:iam::533267452917:policy/lambda-s3-dynamodb-policy",
            "role": "lambda_execution_role"
          },
          "private": "bnVsbA==",
          "dependencies": [
            "aws_dynamodb_table.devops_s3_copy_logs",
            "aws_iam_policy.lambda_s3_dynamodb_policy",
            "aws_iam_role.lambda_execution_role",
            "aws_s3_bucket.devops_private",
            "aws_s3_bucket.devops_public"
          ]
        }
      ]
    },
    {
      "mode": "managed",
      "type": "aws_lambda_function",
      "name": "devops_copy_function",
      "provider": "provider[\"registry.terraform.io/hashicorp/aws\"]",
      "instances": [
        {
          "schema_version": 0,
          "attributes": {
            "architectures": [
              "x86_64"
            ],
            "arn": "arn:aws:lambda:us-east-1:533267452917:function:devops-copyfunction",
            "code_sha256": "08r4Wz2uf5E4teUzgX7Or0stpi84DZphMhGYMd+PKcw=",
            "code_signing_config_arn": "",
            "dead_letter_config": [],
            "description": "",
            "environment": [
              {
                "variables": {
                  "DYNAMODB_TABLE": "xfusion-S3CopyLogs",
                  "PRIVATE_BUCKET": "devops-private-24203"
                }
              }
            ],
            "ephemeral_storage": [
              {
                "size": 512
              }
            ],
            "file_system_config": [],
            "filename": "lambda-function.zip",
            "function_name": "devops-copyfunction",
            "handler": "lambda-function.lambda_handler",
            "id": "devops-copyfunction",
            "image_config": [],
            "image_uri": "",
            "invoke_arn": "arn:aws:apigateway:us-east-1:lambda:path/2015-03-31/functions/arn:aws:lambda:us-east-1:533267452917:function:devops-copyfunction/invocations",
            "kms_key_arn": "",
            "last_modified": "2025-08-25T06:20:20.422+0000",
            "layers": null,
            "logging_config": [
              {
                "application_log_level": "",
                "log_format": "Text",
                "log_group": "/aws/lambda/devops-copyfunction",
                "system_log_level": ""
              }
            ],
            "memory_size": 128,
            "package_type": "Zip",
            "publish": false,
            "qualified_arn": "arn:aws:lambda:us-east-1:533267452917:function:devops-copyfunction:$LATEST",
            "qualified_invoke_arn": "arn:aws:apigateway:us-east-1:lambda:path/2015-03-31/functions/arn:aws:lambda:us-east-1:533267452917:function:devops-copyfunction:$LATEST/invocations",
            "region": "us-east-1",
            "replace_security_groups_on_destroy": null,
            "replacement_security_group_ids": null,
            "reserved_concurrent_executions": -1,
            "role": "arn:aws:iam::533267452917:role/lambda_execution_role",
            "runtime": "python3.9",
            "s3_bucket": null,
            "s3_key": null,
            "s3_object_version": null,
            "signing_job_arn": "",
            "signing_profile_version_arn": "",
            "skip_destroy": false,
            "snap_start": [],
            "source_code_hash": "08r4Wz2uf5E4teUzgX7Or0stpi84DZphMhGYMd+PKcw=",
            "source_code_size": 1127,
            "tags": {
              "Name": "DevOps Copy Function"
            },
            "tags_all": {
              "Name": "DevOps Copy Function"
            },
            "timeout": 10,
            "timeouts": null,
            "tracing_config": [
              {
                "mode": "PassThrough"
              }
            ],
            "version": "$LATEST",
            "vpc_config": []
          },
          "sensitive_attributes": [],
          "identity_schema_version": 0,
          "identity": {
            "account_id": "533267452917",
            "function_name": "devops-copyfunction",
            "region": "us-east-1"
          },
          "private": "eyJlMmJmYjczMC1lY2FhLTExZTYtOGY4OC0zNDM2M2JjN2M0YzAiOnsiY3JlYXRlIjo2MDAwMDAwMDAwMDAsImRlbGV0ZSI6NjAwMDAwMDAwMDAwLCJ1cGRhdGUiOjYwMDAwMDAwMDAwMH19",
          "dependencies": [
            "aws_dynamodb_table.devops_s3_copy_logs",
            "aws_iam_policy.lambda_s3_dynamodb_policy",
            "aws_iam_role.lambda_execution_role",
            "aws_iam_role_policy_attachment.lambda_policy_attachment",
            "aws_s3_bucket.devops_private",
            "aws_s3_bucket.devops_public",
            "data.archive_file.lambda_zip"
          ]
        }
      ]
    },
    {
      "mode": "managed",
      "type": "aws_lambda_permission",
      "name": "allow_bucket",
      "provider": "provider[\"registry.terraform.io/hashicorp/aws\"]",
      "instances": [
        {
          "schema_version": 0,
          "attributes": {
            "action": "lambda:InvokeFunction",
            "event_source_token": null,
            "function_name": "devops-copyfunction",
            "function_url_auth_type": null,
            "id": "AllowExecutionFromS3Bucket",
            "principal": "s3.amazonaws.com",
            "principal_org_id": null,
            "qualifier": "",
            "region": "us-east-1",
            "source_account": null,
            "source_arn": "arn:aws:s3:::devops-public-31470",
            "statement_id": "AllowExecutionFromS3Bucket",
            "statement_id_prefix": ""
          },
          "sensitive_attributes": [],
          "identity_schema_version": 0,
          "identity": {
            "account_id": "533267452917",
            "function_name": "devops-copyfunction",
            "qualifier": null,
            "region": "us-east-1",
            "statement_id": "AllowExecutionFromS3Bucket"
          },
          "private": "bnVsbA==",
          "dependencies": [
            "aws_dynamodb_table.devops_s3_copy_logs",
            "aws_iam_policy.lambda_s3_dynamodb_policy",
            "aws_iam_role.lambda_execution_role",
            "aws_iam_role_policy_attachment.lambda_policy_attachment",
            "aws_lambda_function.devops_copy_function",
            "aws_s3_bucket.devops_private",
            "aws_s3_bucket.devops_public",
            "data.archive_file.lambda_zip"
          ]
        }
      ]
    },
    {
      "mode": "managed",
      "type": "aws_s3_bucket",
      "name": "devops_private",
      "provider": "provider[\"registry.terraform.io/hashicorp/aws\"]",
      "instances": [
        {
          "schema_version": 0,
          "attributes": {
            "acceleration_status": "",
            "acl": null,
            "arn": "arn:aws:s3:::devops-private-24203",
            "bucket": "devops-private-24203",
            "bucket_domain_name": "devops-private-24203.s3.amazonaws.com",
            "bucket_prefix": "",
            "bucket_region": "us-east-1",
            "bucket_regional_domain_name": "devops-private-24203.s3.us-east-1.amazonaws.com",
            "cors_rule": [],
            "force_destroy": false,
            "grant": [
              {
                "id": "bb80735b20be2be90d040738436c867d989b6c732111f56911f91b261e2b7449",
                "permissions": [
                  "FULL_CONTROL"
                ],
                "type": "CanonicalUser",
                "uri": ""
              }
            ],
            "hosted_zone_id": "Z3AQBSTGFYJSTF",
            "id": "devops-private-24203",
            "lifecycle_rule": [],
            "logging": [],
            "object_lock_configuration": [],
            "object_lock_enabled": false,
            "policy": "",
            "region": "us-east-1",
            "replication_configuration": [],
            "request_payer": "BucketOwner",
            "server_side_encryption_configuration": [
              {
                "rule": [
                  {
                    "apply_server_side_encryption_by_default": [
                      {
                        "kms_master_key_id": "",
                        "sse_algorithm": "AES256"
                      }
                    ],
                    "bucket_key_enabled": false
                  }
                ]
              }
            ],
            "tags": {
              "Environment": "Development",
              "Name": "DevOps Private Bucket"
            },
            "tags_all": {
              "Environment": "Development",
              "Name": "DevOps Private Bucket"
            },
            "timeouts": null,
            "versioning": [
              {
                "enabled": false,
                "mfa_delete": false
              }
            ],
            "website": [],
            "website_domain": null,
            "website_endpoint": null
          },
          "sensitive_attributes": [],
          "identity_schema_version": 0,
          "identity": {
            "account_id": "533267452917",
            "bucket": "devops-private-24203",
            "region": "us-east-1"
          },
          "private": "eyJlMmJmYjczMC1lY2FhLTExZTYtOGY4OC0zNDM2M2JjN2M0YzAiOnsiY3JlYXRlIjoxMjAwMDAwMDAwMDAwLCJkZWxldGUiOjM2MDAwMDAwMDAwMDAsInJlYWQiOjEyMDAwMDAwMDAwMDAsInVwZGF0ZSI6MTIwMDAwMDAwMDAwMH19"
        }
      ]
    },
    {
      "mode": "managed",
      "type": "aws_s3_bucket",
      "name": "devops_public",
      "provider": "provider[\"registry.terraform.io/hashicorp/aws\"]",
      "instances": [
        {
          "schema_version": 0,
          "attributes": {
            "acceleration_status": "",
            "acl": null,
            "arn": "arn:aws:s3:::devops-public-31470",
            "bucket": "devops-public-31470",
            "bucket_domain_name": "devops-public-31470.s3.amazonaws.com",
            "bucket_prefix": "",
            "bucket_region": "us-east-1",
            "bucket_regional_domain_name": "devops-public-31470.s3.us-east-1.amazonaws.com",
            "cors_rule": [],
            "force_destroy": false,
            "grant": [
              {
                "id": "bb80735b20be2be90d040738436c867d989b6c732111f56911f91b261e2b7449",
                "permissions": [
                  "FULL_CONTROL"
                ],
                "type": "CanonicalUser",
                "uri": ""
              }
            ],
            "hosted_zone_id": "Z3AQBSTGFYJSTF",
            "id": "devops-public-31470",
            "lifecycle_rule": [],
            "logging": [],
            "object_lock_configuration": [],
            "object_lock_enabled": false,
            "policy": "",
            "region": "us-east-1",
            "replication_configuration": [],
            "request_payer": "BucketOwner",
            "server_side_encryption_configuration": [
              {
                "rule": [
                  {
                    "apply_server_side_encryption_by_default": [
                      {
                        "kms_master_key_id": "",
                        "sse_algorithm": "AES256"
                      }
                    ],
                    "bucket_key_enabled": false
                  }
                ]
              }
            ],
            "tags": {
              "Environment": "Development",
              "Name": "DevOps Public Bucket"
            },
            "tags_all": {
              "Environment": "Development",
              "Name": "DevOps Public Bucket"
            },
            "timeouts": null,
            "versioning": [
              {
                "enabled": false,
                "mfa_delete": false
              }
            ],
            "website": [],
            "website_domain": null,
            "website_endpoint": null
          },
          "sensitive_attributes": [],
          "identity_schema_version": 0,
          "identity": {
            "account_id": "533267452917",
            "bucket": "devops-public-31470",
            "region": "us-east-1"
          },
          "private": "eyJlMmJmYjczMC1lY2FhLTExZTYtOGY4OC0zNDM2M2JjN2M0YzAiOnsiY3JlYXRlIjoxMjAwMDAwMDAwMDAwLCJkZWxldGUiOjM2MDAwMDAwMDAwMDAsInJlYWQiOjEyMDAwMDAwMDAwMDAsInVwZGF0ZSI6MTIwMDAwMDAwMDAwMH19"
        }
      ]
    },
    {
      "mode": "managed",
      "type": "aws_s3_bucket_notification",
      "name": "bucket_notification",
      "provider": "provider[\"registry.terraform.io/hashicorp/aws\"]",
      "instances": [
        {
          "schema_version": 0,
          "attributes": {
            "bucket": "devops-public-31470",
            "eventbridge": false,
            "id": "devops-public-31470",
            "lambda_function": [
              {
                "events": [
                  "s3:ObjectCreated:*"
                ],
                "filter_prefix": "",
                "filter_suffix": "",
                "id": "tf-s3-lambda-20250825062029580000000001",
                "lambda_function_arn": "arn:aws:lambda:us-east-1:533267452917:function:devops-copyfunction"
              }
            ],
            "queue": [],
            "region": "us-east-1",
            "topic": []
          },
          "sensitive_attributes": [],
          "identity_schema_version": 0,
          "identity": {
            "account_id": "533267452917",
            "bucket": "devops-public-31470",
            "region": "us-east-1"
          },
          "private": "bnVsbA==",
          "dependencies": [
            "aws_dynamodb_table.devops_s3_copy_logs",
            "aws_iam_policy.lambda_s3_dynamodb_policy",
            "aws_iam_role.lambda_execution_role",
            "aws_iam_role_policy_attachment.lambda_policy_attachment",
            "aws_lambda_function.devops_copy_function",
            "aws_lambda_permission.allow_bucket",
            "aws_s3_bucket.devops_private",
            "aws_s3_bucket.devops_public",
            "data.archive_file.lambda_zip"
          ]
        }
      ]
    },
    {
      "mode": "managed",
      "type": "aws_s3_bucket_policy",
      "name": "devops_public_policy",
      "provider": "provider[\"registry.terraform.io/hashicorp/aws\"]",
      "instances": [
        {
          "schema_version": 0,
          "attributes": {
            "bucket": "devops-public-31470",
            "id": "devops-public-31470",
            "policy": "{\"Statement\":[{\"Action\":[\"s3:GetObject\",\"s3:PutObject\"],\"Effect\":\"Allow\",\"Principal\":\"*\",\"Resource\":\"arn:aws:s3:::devops-public-31470/*\",\"Sid\":\"PublicReadGetObject\"}],\"Version\":\"2012-10-17\"}",
            "region": "us-east-1"
          },
          "sensitive_attributes": [],
          "identity_schema_version": 0,
          "identity": {
            "account_id": "533267452917",
            "bucket": "devops-public-31470",
            "region": "us-east-1"
          },
          "private": "bnVsbA==",
          "dependencies": [
            "aws_s3_bucket.devops_public",
            "aws_s3_bucket_public_access_block.devops_public_pab"
          ]
        }
      ]
    },
    {
      "mode": "managed",
      "type": "aws_s3_bucket_public_access_block",
      "name": "devops_private_pab",
      "provider": "provider[\"registry.terraform.io/hashicorp/aws\"]",
      "instances": [
        {
          "schema_version": 0,
          "attributes": {
            "block_public_acls": true,
            "block_public_policy": true,
            "bucket": "devops-private-24203",
            "id": "devops-private-24203",
            "ignore_public_acls": true,
            "region": "us-east-1",
            "restrict_public_buckets": true,
            "skip_destroy": null
          },
          "sensitive_attributes": [],
          "identity_schema_version": 0,
          "identity": {
            "account_id": "533267452917",
            "bucket": "devops-private-24203",
            "region": "us-east-1"
          },
          "private": "bnVsbA==",
          "dependencies": [
            "aws_s3_bucket.devops_private"
          ]
        }
      ]
    },
    {
      "mode": "managed",
      "type": "aws_s3_bucket_public_access_block",
      "name": "devops_public_pab",
      "provider": "provider[\"registry.terraform.io/hashicorp/aws\"]",
      "instances": [
        {
          "schema_version": 0,
          "attributes": {
            "block_public_acls": false,
            "block_public_policy": false,
            "bucket": "devops-public-31470",
            "id": "devops-public-31470",
            "ignore_public_acls": false,
            "region": "us-east-1",
            "restrict_public_buckets": false,
            "skip_destroy": null
          },
          "sensitive_attributes": [],
          "identity_schema_version": 0,
          "identity": {
            "account_id": "533267452917",
            "bucket": "devops-public-31470",
            "region": "us-east-1"
          },
          "private": "bnVsbA==",
          "dependencies": [
            "aws_s3_bucket.devops_public"
          ]
        }
      ]
    }
  ],
  "check_results": null
}
